// !$*UTF8*$!
{
	archiveVersion = 1;
	classes = {
	};
	objectVersion = 46;
	objects = {

/* Begin PBXBuildFile section */
		1D3623260D0F684500981E51 /* iPOuLAppDelegate.m in Sources */ = {isa = PBXBuildFile; fileRef = 1D3623250D0F684500981E51 /* iPOuLAppDelegate.m */; };
		1D60589B0D05DD56006BFB54 /* main.m in Sources */ = {isa = PBXBuildFile; fileRef = 29B97316FDCFA39411CA2CEA /* main.m */; };
		1D60589F0D05DD5A006BFB54 /* Foundation.framework in Frameworks */ = {isa = PBXBuildFile; fileRef = 1D30AB110D05D00D00671497 /* Foundation.framework */; };
		1DF5F4E00D08C38300B7A737 /* UIKit.framework in Frameworks */ = {isa = PBXBuildFile; fileRef = 1DF5F4DF0D08C38300B7A737 /* UIKit.framework */; };
		280E754D0DD40C5E005A515E /* Credits.xib in Resources */ = {isa = PBXBuildFile; fileRef = 280E754A0DD40C5E005A515E /* Credits.xib */; };
		280E754E0DD40C5E005A515E /* Bits.xib in Resources */ = {isa = PBXBuildFile; fileRef = 280E754B0DD40C5E005A515E /* Bits.xib */; };
		280E754F0DD40C5E005A515E /* MainWindow.xib in Resources */ = {isa = PBXBuildFile; fileRef = 280E754C0DD40C5E005A515E /* MainWindow.xib */; };
		288765590DF743DE002DB57D /* CoreGraphics.framework in Frameworks */ = {isa = PBXBuildFile; fileRef = 288765580DF743DE002DB57D /* CoreGraphics.framework */; };
		289233AE0DB2D0DB0083E9F9 /* THMBitsViewController.m in Sources */ = {isa = PBXBuildFile; fileRef = 289233A90DB2D0DB0083E9F9 /* THMBitsViewController.m */; };
		FC126A8F12F2F64300953BE3 /* Icon-72.png in Resources */ = {isa = PBXBuildFile; fileRef = FC126A8812F2F64300953BE3 /* Icon-72.png */; };
		FC126A9012F2F64300953BE3 /* Icon-Small-50.png in Resources */ = {isa = PBXBuildFile; fileRef = FC126A8912F2F64300953BE3 /* Icon-Small-50.png */; };
		FC126A9112F2F64300953BE3 /* Icon-Small.png in Resources */ = {isa = PBXBuildFile; fileRef = FC126A8A12F2F64300953BE3 /* Icon-Small.png */; };
		FC126A9212F2F64300953BE3 /* Icon-Small@2x.png in Resources */ = {isa = PBXBuildFile; fileRef = FC126A8B12F2F64300953BE3 /* Icon-Small@2x.png */; };
		FC126A9312F2F64300953BE3 /* Icon.png in Resources */ = {isa = PBXBuildFile; fileRef = FC126A8C12F2F64300953BE3 /* Icon.png */; };
		FC126A9412F2F64300953BE3 /* Icon@2x.png in Resources */ = {isa = PBXBuildFile; fileRef = FC126A8D12F2F64300953BE3 /* Icon@2x.png */; };
		FC126A9512F2F64300953BE3 /* iTunesArtwork in Resources */ = {isa = PBXBuildFile; fileRef = FC126A8E12F2F64300953BE3 /* iTunesArtwork */; };
		FC126AA812F2F91800953BE3 /* tux.png in Resources */ = {isa = PBXBuildFile; fileRef = FC126AA712F2F91800953BE3 /* tux.png */; };
		FC126B2512F32B7800953BE3 /* Default.png in Resources */ = {isa = PBXBuildFile; fileRef = FC126B2412F32B7800953BE3 /* Default.png */; };
		FCA74F3D13087B45007DC7FD /* giornalinux6.pdf in Resources */ = {isa = PBXBuildFile; fileRef = FCA74F3C13087B45007DC7FD /* giornalinux6.pdf */; };
		FCA74F3F13087B67007DC7FD /* giornalinux7.pdf in Resources */ = {isa = PBXBuildFile; fileRef = FCA74F3E13087B67007DC7FD /* giornalinux7.pdf */; };
		FCA74F4113087B82007DC7FD /* giornalinux8.pdf in Resources */ = {isa = PBXBuildFile; fileRef = FCA74F4013087B82007DC7FD /* giornalinux8.pdf */; };
		FCA750A613088825007DC7FD /* QuickLook.framework in Frameworks */ = {isa = PBXBuildFile; fileRef = FCA750A513088825007DC7FD /* QuickLook.framework */; };
		FCA7513313089792007DC7FD /* statuto.pdf in Resources */ = {isa = PBXBuildFile; fileRef = FCA7513213089792007DC7FD /* statuto.pdf */; };
		FCA7515613089AD0007DC7FD /* comandi_comuni.pdf in Resources */ = {isa = PBXBuildFile; fileRef = FCA7515513089AD0007DC7FD /* comandi_comuni.pdf */; };
		FCA7517213089C66007DC7FD /* Default.png in Resources */ = {isa = PBXBuildFile; fileRef = FCA7517113089C66007DC7FD /* Default.png */; };
		FCB0FBEA13083F0100476A4E /* CoreLocation.framework in Frameworks */ = {isa = PBXBuildFile; fileRef = FCB0FBE913083F0100476A4E /* CoreLocation.framework */; };
		FCB0FBEE13083F1200476A4E /* MapKit.framework in Frameworks */ = {isa = PBXBuildFile; fileRef = FCB0FBED13083F1200476A4E /* MapKit.framework */; };
		FCB0FC291308638500476A4E /* 73-radar@2x.png in Resources */ = {isa = PBXBuildFile; fileRef = FCB0FC271308638500476A4E /* 73-radar@2x.png */; };
		FCB0FC2A1308638500476A4E /* 73-radar.png in Resources */ = {isa = PBXBuildFile; fileRef = FCB0FC281308638500476A4E /* 73-radar.png */; };
		FCB0FC301308646B00476A4E /* 96-book.png in Resources */ = {isa = PBXBuildFile; fileRef = FCB0FC2E1308646B00476A4E /* 96-book.png */; };
		FCB0FC311308646B00476A4E /* 96-book@2x.png in Resources */ = {isa = PBXBuildFile; fileRef = FCB0FC2F1308646B00476A4E /* 96-book@2x.png */; };
		FCB0FC6A130868C100476A4E /* THMDocumentiViewController.m in Sources */ = {isa = PBXBuildFile; fileRef = FCB0FC68130868C100476A4E /* THMDocumentiViewController.m */; };
		FCB0FCFF13087A0700476A4E /* giornalinux0.pdf in Resources */ = {isa = PBXBuildFile; fileRef = FCB0FCFE13087A0700476A4E /* giornalinux0.pdf */; };
		FCB0FD0313087A2900476A4E /* giornalinux1.pdf in Resources */ = {isa = PBXBuildFile; fileRef = FCB0FD0213087A2900476A4E /* giornalinux1.pdf */; };
		FCB0FD0513087A7100476A4E /* giornalinux2.pdf in Resources */ = {isa = PBXBuildFile; fileRef = FCB0FD0413087A7100476A4E /* giornalinux2.pdf */; };
		FCB0FD0713087A9400476A4E /* giornalinux3.pdf in Resources */ = {isa = PBXBuildFile; fileRef = FCB0FD0613087A9400476A4E /* giornalinux3.pdf */; };
		FCB0FD0913087AAC00476A4E /* giornalinux4.pdf in Resources */ = {isa = PBXBuildFile; fileRef = FCB0FD0813087AAC00476A4E /* giornalinux4.pdf */; };
		FCB0FD0B13087AC500476A4E /* giornalinux5.pdf in Resources */ = {isa = PBXBuildFile; fileRef = FCB0FD0A13087AC500476A4E /* giornalinux5.pdf */; };
		FCDEAFBD12F2DCED0000C651 /* logoPoul.png in Resources */ = {isa = PBXBuildFile; fileRef = FCDEAFBC12F2DCED0000C651 /* logoPoul.png */; };
		FCE9DB79130837E600D6224B /* THMPOuLMap.m in Sources */ = {isa = PBXBuildFile; fileRef = FCE9DB77130837E600D6224B /* THMPOuLMap.m */; };
		FCE9DB7A130837E600D6224B /* Map.xib in Resources */ = {isa = PBXBuildFile; fileRef = FCE9DB78130837E600D6224B /* Map.xib */; };
		FCE9DB7F13083CE300D6224B /* 103-map@2x.png in Resources */ = {isa = PBXBuildFile; fileRef = FCE9DB7D13083CE300D6224B /* 103-map@2x.png */; };
		FCE9DB8013083CE300D6224B /* 103-map.png in Resources */ = {isa = PBXBuildFile; fileRef = FCE9DB7E13083CE300D6224B /* 103-map.png */; };
		FCE9DB8613083D7300D6224B /* 59-info.png in Resources */ = {isa = PBXBuildFile; fileRef = FCE9DB8413083D7300D6224B /* 59-info.png */; };
		FCE9DB8713083D7300D6224B /* 59-info@2x.png in Resources */ = {isa = PBXBuildFile; fileRef = FCE9DB8513083D7300D6224B /* 59-info@2x.png */; };
/* End PBXBuildFile section */

/* Begin PBXFileReference section */
		1D30AB110D05D00D00671497 /* Foundation.framework */ = {isa = PBXFileReference; lastKnownFileType = wrapper.framework; name = Foundation.framework; path = System/Library/Frameworks/Foundation.framework; sourceTree = SDKROOT; };
		1D3623240D0F684500981E51 /* iPOuLAppDelegate.h */ = {isa = PBXFileReference; fileEncoding = 4; lastKnownFileType = sourcecode.c.h; path = iPOuLAppDelegate.h; sourceTree = "<group>"; };
		1D3623250D0F684500981E51 /* iPOuLAppDelegate.m */ = {isa = PBXFileReference; fileEncoding = 4; lastKnownFileType = sourcecode.c.objc; path = iPOuLAppDelegate.m; sourceTree = "<group>"; };
		1D6058910D05DD3D006BFB54 /* iPOuL.app */ = {isa = PBXFileReference; explicitFileType = wrapper.application; includeInIndex = 0; path = iPOuL.app; sourceTree = BUILT_PRODUCTS_DIR; };
		1DF5F4DF0D08C38300B7A737 /* UIKit.framework */ = {isa = PBXFileReference; lastKnownFileType = wrapper.framework; name = UIKit.framework; path = System/Library/Frameworks/UIKit.framework; sourceTree = SDKROOT; };
		280E754A0DD40C5E005A515E /* Credits.xib */ = {isa = PBXFileReference; lastKnownFileType = file.xib; path = Credits.xib; sourceTree = "<group>"; };
		280E754B0DD40C5E005A515E /* Bits.xib */ = {isa = PBXFileReference; lastKnownFileType = file.xib; path = Bits.xib; sourceTree = "<group>"; };
		280E754C0DD40C5E005A515E /* MainWindow.xib */ = {isa = PBXFileReference; lastKnownFileType = file.xib; path = MainWindow.xib; sourceTree = "<group>"; };
		288765580DF743DE002DB57D /* CoreGraphics.framework */ = {isa = PBXFileReference; lastKnownFileType = wrapper.framework; name = CoreGraphics.framework; path = System/Library/Frameworks/CoreGraphics.framework; sourceTree = SDKROOT; };
		289233A80DB2D0DB0083E9F9 /* THMBitsViewController.h */ = {isa = PBXFileReference; fileEncoding = 4; lastKnownFileType = sourcecode.c.h; name = THMBitsViewController.h; path = Classes/THMBitsViewController.h; sourceTree = "<group>"; };
		289233A90DB2D0DB0083E9F9 /* THMBitsViewController.m */ = {isa = PBXFileReference; fileEncoding = 4; lastKnownFileType = sourcecode.c.objc; name = THMBitsViewController.m; path = Classes/THMBitsViewController.m; sourceTree = "<group>"; };
		29B97316FDCFA39411CA2CEA /* main.m */ = {isa = PBXFileReference; fileEncoding = 4; lastKnownFileType = sourcecode.c.objc; path = main.m; sourceTree = "<group>"; };
		32CA4F630368D1EE00C91783 /* iPOuL_Prefix.pch */ = {isa = PBXFileReference; fileEncoding = 4; lastKnownFileType = sourcecode.c.h; path = iPOuL_Prefix.pch; sourceTree = "<group>"; };
		8D1107310486CEB800E47090 /* iPOuL-Info.plist */ = {isa = PBXFileReference; fileEncoding = 4; lastKnownFileType = text.plist.xml; path = "iPOuL-Info.plist"; plistStructureDefinitionIdentifier = "com.apple.xcode.plist.structure-definition.iphone.info-plist"; sourceTree = "<group>"; };
		FC126A8812F2F64300953BE3 /* Icon-72.png */ = {isa = PBXFileReference; lastKnownFileType = image.png; path = "Icon-72.png"; sourceTree = "<group>"; };
		FC126A8912F2F64300953BE3 /* Icon-Small-50.png */ = {isa = PBXFileReference; lastKnownFileType = image.png; path = "Icon-Small-50.png"; sourceTree = "<group>"; };
		FC126A8A12F2F64300953BE3 /* Icon-Small.png */ = {isa = PBXFileReference; lastKnownFileType = image.png; path = "Icon-Small.png"; sourceTree = "<group>"; };
		FC126A8B12F2F64300953BE3 /* Icon-Small@2x.png */ = {isa = PBXFileReference; lastKnownFileType = image.png; path = "Icon-Small@2x.png"; sourceTree = "<group>"; };
		FC126A8C12F2F64300953BE3 /* Icon.png */ = {isa = PBXFileReference; lastKnownFileType = image.png; path = Icon.png; sourceTree = "<group>"; };
		FC126A8D12F2F64300953BE3 /* Icon@2x.png */ = {isa = PBXFileReference; lastKnownFileType = image.png; path = "Icon@2x.png"; sourceTree = "<group>"; };
		FC126A8E12F2F64300953BE3 /* iTunesArtwork */ = {isa = PBXFileReference; lastKnownFileType = file; path = iTunesArtwork; sourceTree = "<group>"; };
		FC126AA712F2F91800953BE3 /* tux.png */ = {isa = PBXFileReference; lastKnownFileType = image.png; path = tux.png; sourceTree = "<group>"; };
		FC126B2412F32B7800953BE3 /* Default.png */ = {isa = PBXFileReference; lastKnownFileType = image.png; path = Default.png; sourceTree = "<group>"; };
		FC126B7B12F3549700953BE3 /* Entitlements.plist */ = {isa = PBXFileReference; fileEncoding = 4; lastKnownFileType = text.plist.xml; path = Entitlements.plist; sourceTree = "<group>"; };
		FCA74F3C13087B45007DC7FD /* giornalinux6.pdf */ = {isa = PBXFileReference; lastKnownFileType = image.pdf; path = giornalinux6.pdf; sourceTree = "<group>"; };
		FCA74F3E13087B67007DC7FD /* giornalinux7.pdf */ = {isa = PBXFileReference; lastKnownFileType = image.pdf; path = giornalinux7.pdf; sourceTree = "<group>"; };
		FCA74F4013087B82007DC7FD /* giornalinux8.pdf */ = {isa = PBXFileReference; lastKnownFileType = image.pdf; path = giornalinux8.pdf; sourceTree = "<group>"; };
		FCA750A513088825007DC7FD /* QuickLook.framework */ = {isa = PBXFileReference; lastKnownFileType = wrapper.framework; name = QuickLook.framework; path = System/Library/Frameworks/QuickLook.framework; sourceTree = SDKROOT; };
		FCA7513213089792007DC7FD /* statuto.pdf */ = {isa = PBXFileReference; lastKnownFileType = image.pdf; path = statuto.pdf; sourceTree = "<group>"; };
		FCA7515513089AD0007DC7FD /* comandi_comuni.pdf */ = {isa = PBXFileReference; lastKnownFileType = image.pdf; path = comandi_comuni.pdf; sourceTree = "<group>"; };
		FCA7517113089C66007DC7FD /* Default.png */ = {isa = PBXFileReference; lastKnownFileType = image.png; path = Default.png; sourceTree = "<group>"; };
		FCB0FBE913083F0100476A4E /* CoreLocation.framework */ = {isa = PBXFileReference; lastKnownFileType = wrapper.framework; name = CoreLocation.framework; path = System/Library/Frameworks/CoreLocation.framework; sourceTree = SDKROOT; };
		FCB0FBED13083F1200476A4E /* MapKit.framework */ = {isa = PBXFileReference; lastKnownFileType = wrapper.framework; name = MapKit.framework; path = System/Library/Frameworks/MapKit.framework; sourceTree = SDKROOT; };
		FCB0FC271308638500476A4E /* 73-radar@2x.png */ = {isa = PBXFileReference; lastKnownFileType = image.png; path = "73-radar@2x.png"; sourceTree = "<group>"; };
		FCB0FC281308638500476A4E /* 73-radar.png */ = {isa = PBXFileReference; lastKnownFileType = image.png; path = "73-radar.png"; sourceTree = "<group>"; };
		FCB0FC2E1308646B00476A4E /* 96-book.png */ = {isa = PBXFileReference; lastKnownFileType = image.png; path = "96-book.png"; sourceTree = "<group>"; };
		FCB0FC2F1308646B00476A4E /* 96-book@2x.png */ = {isa = PBXFileReference; lastKnownFileType = image.png; path = "96-book@2x.png"; sourceTree = "<group>"; };
		FCB0FC67130868C100476A4E /* THMDocumentiViewController.h */ = {isa = PBXFileReference; fileEncoding = 4; lastKnownFileType = sourcecode.c.h; path = THMDocumentiViewController.h; sourceTree = "<group>"; };
		FCB0FC68130868C100476A4E /* THMDocumentiViewController.m */ = {isa = PBXFileReference; fileEncoding = 4; lastKnownFileType = sourcecode.c.objc; path = THMDocumentiViewController.m; sourceTree = "<group>"; };
		FCB0FCFE13087A0700476A4E /* giornalinux0.pdf */ = {isa = PBXFileReference; lastKnownFileType = image.pdf; path = giornalinux0.pdf; sourceTree = "<group>"; };
		FCB0FD0213087A2900476A4E /* giornalinux1.pdf */ = {isa = PBXFileReference; lastKnownFileType = image.pdf; path = giornalinux1.pdf; sourceTree = "<group>"; };
		FCB0FD0413087A7100476A4E /* giornalinux2.pdf */ = {isa = PBXFileReference; lastKnownFileType = image.pdf; path = giornalinux2.pdf; sourceTree = "<group>"; };
		FCB0FD0613087A9400476A4E /* giornalinux3.pdf */ = {isa = PBXFileReference; lastKnownFileType = image.pdf; path = giornalinux3.pdf; sourceTree = "<group>"; };
		FCB0FD0813087AAC00476A4E /* giornalinux4.pdf */ = {isa = PBXFileReference; lastKnownFileType = image.pdf; path = giornalinux4.pdf; sourceTree = "<group>"; };
		FCB0FD0A13087AC500476A4E /* giornalinux5.pdf */ = {isa = PBXFileReference; lastKnownFileType = image.pdf; path = giornalinux5.pdf; sourceTree = "<group>"; };
		FCDEAFBC12F2DCED0000C651 /* logoPoul.png */ = {isa = PBXFileReference; lastKnownFileType = image.png; path = logoPoul.png; sourceTree = "<group>"; };
		FCE9DB76130837E600D6224B /* THMPOuLMap.h */ = {isa = PBXFileReference; fileEncoding = 4; lastKnownFileType = sourcecode.c.h; path = THMPOuLMap.h; sourceTree = "<group>"; };
		FCE9DB77130837E600D6224B /* THMPOuLMap.m */ = {isa = PBXFileReference; fileEncoding = 4; lastKnownFileType = sourcecode.c.objc; path = THMPOuLMap.m; sourceTree = "<group>"; };
		FCE9DB78130837E600D6224B /* Map.xib */ = {isa = PBXFileReference; lastKnownFileType = file.xib; path = Map.xib; sourceTree = "<group>"; };
		FCE9DB7D13083CE300D6224B /* 103-map@2x.png */ = {isa = PBXFileReference; lastKnownFileType = image.png; path = "103-map@2x.png"; sourceTree = "<group>"; };
		FCE9DB7E13083CE300D6224B /* 103-map.png */ = {isa = PBXFileReference; lastKnownFileType = image.png; path = "103-map.png"; sourceTree = "<group>"; };
		FCE9DB8413083D7300D6224B /* 59-info.png */ = {isa = PBXFileReference; lastKnownFileType = image.png; name = "59-info.png"; path = "../../../Downloads/Glyphish Pro/symbols/59-info.png"; sourceTree = SOURCE_ROOT; };
		FCE9DB8513083D7300D6224B /* 59-info@2x.png */ = {isa = PBXFileReference; lastKnownFileType = image.png; name = "59-info@2x.png"; path = "../../../Downloads/Glyphish Pro/symbols/59-info@2x.png"; sourceTree = SOURCE_ROOT; };
/* End PBXFileReference section */

/* Begin PBXFrameworksBuildPhase section */
		1D60588F0D05DD3D006BFB54 /* Frameworks */ = {
			isa = PBXFrameworksBuildPhase;
			buildActionMask = 2147483647;
			files = (
				1D60589F0D05DD5A006BFB54 /* Foundation.framework in Frameworks */,
				1DF5F4E00D08C38300B7A737 /* UIKit.framework in Frameworks */,
				288765590DF743DE002DB57D /* CoreGraphics.framework in Frameworks */,
				FCB0FBEA13083F0100476A4E /* CoreLocation.framework in Frameworks */,
				FCB0FBEE13083F1200476A4E /* MapKit.framework in Frameworks */,
				FCA750A613088825007DC7FD /* QuickLook.framework in Frameworks */,
			);
			runOnlyForDeploymentPostprocessing = 0;
		};
/* End PBXFrameworksBuildPhase section */

/* Begin PBXGroup section */
		080E96DDFE201D6D7F000001 /* Application Delegate */ = {
			isa = PBXGroup;
			children = (
				1D3623240D0F684500981E51 /* iPOuLAppDelegate.h */,
				1D3623250D0F684500981E51 /* iPOuLAppDelegate.m */,
			);
			name = "Application Delegate";
			path = Classes;
			sourceTree = "<group>";
		};
		19C28FACFE9D520D11CA2CBB /* Products */ = {
			isa = PBXGroup;
			children = (
				1D6058910D05DD3D006BFB54 /* iPOuL.app */,
			);
			name = Products;
			sourceTree = "<group>";
		};
		29B97314FDCFA39411CA2CEA /* CustomTemplate */ = {
			isa = PBXGroup;
			children = (
				FC43BF441308276D002F202B /* Controllers */,
				FC43BF4313082766002F202B /* Models */,
				080E96DDFE201D6D7F000001 /* Application Delegate */,
				29B97315FDCFA39411CA2CEA /* Other Sources */,
				29B97317FDCFA39411CA2CEA /* Resources */,
				29B97323FDCFA39411CA2CEA /* Frameworks */,
				19C28FACFE9D520D11CA2CBB /* Products */,
				FC126B7B12F3549700953BE3 /* Entitlements.plist */,
			);
			name = CustomTemplate;
			sourceTree = "<group>";
		};
		29B97315FDCFA39411CA2CEA /* Other Sources */ = {
			isa = PBXGroup;
			children = (
				32CA4F630368D1EE00C91783 /* iPOuL_Prefix.pch */,
				29B97316FDCFA39411CA2CEA /* main.m */,
			);
			name = "Other Sources";
			sourceTree = "<group>";
		};
		29B97317FDCFA39411CA2CEA /* Resources */ = {
			isa = PBXGroup;
			children = (
				FCA7513113089789007DC7FD /* Prontuari */,
				FCA7513013089782007DC7FD /* Associazione */,
				FCB0FCFC130879FE00476A4E /* Giornalinux */,
				FCB72A1C1308334E004388B1 /* Images */,
				FCB72A1B13083346004388B1 /* Nibs */,
				8D1107310486CEB800E47090 /* iPOuL-Info.plist */,
				FCA7517113089C66007DC7FD /* Default.png */,
			);
			name = Resources;
			sourceTree = "<group>";
		};
		29B97323FDCFA39411CA2CEA /* Frameworks */ = {
			isa = PBXGroup;
			children = (
				1DF5F4DF0D08C38300B7A737 /* UIKit.framework */,
				1D30AB110D05D00D00671497 /* Foundation.framework */,
				288765580DF743DE002DB57D /* CoreGraphics.framework */,
				FCB0FBE913083F0100476A4E /* CoreLocation.framework */,
				FCB0FBED13083F1200476A4E /* MapKit.framework */,
				FCA750A513088825007DC7FD /* QuickLook.framework */,
			);
			name = Frameworks;
			sourceTree = "<group>";
		};
		FC43BF4313082766002F202B /* Models */ = {
			isa = PBXGroup;
			children = (
			);
			name = Models;
			sourceTree = "<group>";
		};
		FC43BF441308276D002F202B /* Controllers */ = {
			isa = PBXGroup;
			children = (
				289233A80DB2D0DB0083E9F9 /* THMBitsViewController.h */,
				289233A90DB2D0DB0083E9F9 /* THMBitsViewController.m */,
				FCE9DB76130837E600D6224B /* THMPOuLMap.h */,
				FCE9DB77130837E600D6224B /* THMPOuLMap.m */,
				FCB0FC67130868C100476A4E /* THMDocumentiViewController.h */,
				FCB0FC68130868C100476A4E /* THMDocumentiViewController.m */,
			);
			name = Controllers;
			sourceTree = "<group>";
		};
		FCA7513013089782007DC7FD /* Associazione */ = {
			isa = PBXGroup;
			children = (
				FCA7513213089792007DC7FD /* statuto.pdf */,
			);
			name = Associazione;
			sourceTree = "<group>";
		};
		FCA7513113089789007DC7FD /* Prontuari */ = {
			isa = PBXGroup;
			children = (
				FCA7515513089AD0007DC7FD /* comandi_comuni.pdf */,
			);
			name = Prontuari;
			sourceTree = "<group>";
		};
		FCB0FCFC130879FE00476A4E /* Giornalinux */ = {
			isa = PBXGroup;
			children = (
				FCB0FCFE13087A0700476A4E /* giornalinux0.pdf */,
				FCB0FD0213087A2900476A4E /* giornalinux1.pdf */,
				FCB0FD0413087A7100476A4E /* giornalinux2.pdf */,
				FCB0FD0613087A9400476A4E /* giornalinux3.pdf */,
				FCB0FD0813087AAC00476A4E /* giornalinux4.pdf */,
				FCB0FD0A13087AC500476A4E /* giornalinux5.pdf */,
				FCA74F3C13087B45007DC7FD /* giornalinux6.pdf */,
				FCA74F3E13087B67007DC7FD /* giornalinux7.pdf */,
				FCA74F4013087B82007DC7FD /* giornalinux8.pdf */,
			);
			name = Giornalinux;
			sourceTree = "<group>";
		};
		FCB72A1B13083346004388B1 /* Nibs */ = {
			isa = PBXGroup;
			children = (
				FCE9DB78130837E600D6224B /* Map.xib */,
				280E754A0DD40C5E005A515E /* Credits.xib */,
				280E754B0DD40C5E005A515E /* Bits.xib */,
				280E754C0DD40C5E005A515E /* MainWindow.xib */,
			);
			name = Nibs;
			sourceTree = "<group>";
		};
		FCB72A1C1308334E004388B1 /* Images */ = {
			isa = PBXGroup;
			children = (
				FCB0FC271308638500476A4E /* 73-radar@2x.png */,
				FCB0FC281308638500476A4E /* 73-radar.png */,
				FCE9DB8413083D7300D6224B /* 59-info.png */,
				FCE9DB8513083D7300D6224B /* 59-info@2x.png */,
				FCE9DB7D13083CE300D6224B /* 103-map@2x.png */,
				FCE9DB7E13083CE300D6224B /* 103-map.png */,
				FCB0FC2E1308646B00476A4E /* 96-book.png */,
				FCB0FC2F1308646B00476A4E /* 96-book@2x.png */,
				FC126B2412F32B7800953BE3 /* Default.png */,
				FC126A8812F2F64300953BE3 /* Icon-72.png */,
				FC126A8912F2F64300953BE3 /* Icon-Small-50.png */,
				FC126AA712F2F91800953BE3 /* tux.png */,
				FC126A8A12F2F64300953BE3 /* Icon-Small.png */,
				FC126A8B12F2F64300953BE3 /* Icon-Small@2x.png */,
				FC126A8C12F2F64300953BE3 /* Icon.png */,
				FC126A8D12F2F64300953BE3 /* Icon@2x.png */,
				FC126A8E12F2F64300953BE3 /* iTunesArtwork */,
				FCDEAFBC12F2DCED0000C651 /* logoPoul.png */,
			);
			name = Images;
			sourceTree = "<group>";
		};
/* End PBXGroup section */

/* Begin PBXNativeTarget section */
		1D6058900D05DD3D006BFB54 /* iPOuL */ = {
			isa = PBXNativeTarget;
			buildConfigurationList = 1D6058960D05DD3E006BFB54 /* Build configuration list for PBXNativeTarget "iPOuL" */;
			buildPhases = (
				1D60588D0D05DD3D006BFB54 /* Resources */,
				1D60588E0D05DD3D006BFB54 /* Sources */,
				1D60588F0D05DD3D006BFB54 /* Frameworks */,
			);
			buildRules = (
			);
			dependencies = (
			);
			name = iPOuL;
			productName = iPOuL;
			productReference = 1D6058910D05DD3D006BFB54 /* iPOuL.app */;
			productType = "com.apple.product-type.application";
		};
/* End PBXNativeTarget section */

/* Begin PBXProject section */
		29B97313FDCFA39411CA2CEA /* Project object */ = {
			isa = PBXProject;
			buildConfigurationList = C01FCF4E08A954540054247B /* Build configuration list for PBXProject "iPOuL" */;
			compatibilityVersion = "Xcode 3.2";
			developmentRegion = English;
			hasScannedForEncodings = 1;
			knownRegions = (
				English,
				Japanese,
				French,
				German,
				en,
			);
			mainGroup = 29B97314FDCFA39411CA2CEA /* CustomTemplate */;
			projectDirPath = "";
			projectRoot = "";
			targets = (
				1D6058900D05DD3D006BFB54 /* iPOuL */,
			);
		};
/* End PBXProject section */

/* Begin PBXResourcesBuildPhase section */
		1D60588D0D05DD3D006BFB54 /* Resources */ = {
			isa = PBXResourcesBuildPhase;
			buildActionMask = 2147483647;
			files = (
				280E754D0DD40C5E005A515E /* Credits.xib in Resources */,
				280E754E0DD40C5E005A515E /* Bits.xib in Resources */,
				280E754F0DD40C5E005A515E /* MainWindow.xib in Resources */,
				FCDEAFBD12F2DCED0000C651 /* logoPoul.png in Resources */,
				FC126A8F12F2F64300953BE3 /* Icon-72.png in Resources */,
				FC126A9012F2F64300953BE3 /* Icon-Small-50.png in Resources */,
				FC126A9112F2F64300953BE3 /* Icon-Small.png in Resources */,
				FC126A9212F2F64300953BE3 /* Icon-Small@2x.png in Resources */,
				FC126A9312F2F64300953BE3 /* Icon.png in Resources */,
				FC126A9412F2F64300953BE3 /* Icon@2x.png in Resources */,
				FC126A9512F2F64300953BE3 /* iTunesArtwork in Resources */,
				FC126AA812F2F91800953BE3 /* tux.png in Resources */,
				FC126B2512F32B7800953BE3 /* Default.png in Resources */,
				FCE9DB7A130837E600D6224B /* Map.xib in Resources */,
				FCE9DB7F13083CE300D6224B /* 103-map@2x.png in Resources */,
				FCE9DB8013083CE300D6224B /* 103-map.png in Resources */,
				FCE9DB8613083D7300D6224B /* 59-info.png in Resources */,
				FCE9DB8713083D7300D6224B /* 59-info@2x.png in Resources */,
				FCB0FC291308638500476A4E /* 73-radar@2x.png in Resources */,
				FCB0FC2A1308638500476A4E /* 73-radar.png in Resources */,
				FCB0FC301308646B00476A4E /* 96-book.png in Resources */,
				FCB0FC311308646B00476A4E /* 96-book@2x.png in Resources */,
				FCB0FCFF13087A0700476A4E /* giornalinux0.pdf in Resources */,
				FCB0FD0313087A2900476A4E /* giornalinux1.pdf in Resources */,
				FCB0FD0513087A7100476A4E /* giornalinux2.pdf in Resources */,
				FCB0FD0713087A9400476A4E /* giornalinux3.pdf in Resources */,
				FCB0FD0913087AAC00476A4E /* giornalinux4.pdf in Resources */,
				FCB0FD0B13087AC500476A4E /* giornalinux5.pdf in Resources */,
				FCA74F3D13087B45007DC7FD /* giornalinux6.pdf in Resources */,
				FCA74F3F13087B67007DC7FD /* giornalinux7.pdf in Resources */,
				FCA74F4113087B82007DC7FD /* giornalinux8.pdf in Resources */,
				FCA7513313089792007DC7FD /* statuto.pdf in Resources */,
				FCA7515613089AD0007DC7FD /* comandi_comuni.pdf in Resources */,
				FCA7517213089C66007DC7FD /* Default.png in Resources */,
			);
			runOnlyForDeploymentPostprocessing = 0;
		};
/* End PBXResourcesBuildPhase section */

/* Begin PBXSourcesBuildPhase section */
		1D60588E0D05DD3D006BFB54 /* Sources */ = {
			isa = PBXSourcesBuildPhase;
			buildActionMask = 2147483647;
			files = (
				1D60589B0D05DD56006BFB54 /* main.m in Sources */,
				1D3623260D0F684500981E51 /* iPOuLAppDelegate.m in Sources */,
				289233AE0DB2D0DB0083E9F9 /* THMBitsViewController.m in Sources */,
				FCE9DB79130837E600D6224B /* THMPOuLMap.m in Sources */,
				FCB0FC6A130868C100476A4E /* THMDocumentiViewController.m in Sources */,
			);
			runOnlyForDeploymentPostprocessing = 0;
		};
/* End PBXSourcesBuildPhase section */

/* Begin XCBuildConfiguration section */
		1D6058940D05DD3E006BFB54 /* Debug */ = {
			isa = XCBuildConfiguration;
			buildSettings = {
				ALWAYS_SEARCH_USER_PATHS = NO;
				CODE_SIGN_ENTITLEMENTS = "~/Documents/workspace/iPOuL/Entitlements.plist";
				COPY_PHASE_STRIP = NO;
				GCC_DYNAMIC_NO_PIC = NO;
				GCC_OPTIMIZATION_LEVEL = 0;
				GCC_PRECOMPILE_PREFIX_HEADER = YES;
				GCC_PREFIX_HEADER = iPOuL_Prefix.pch;
				INFOPLIST_FILE = "iPOuL-Info.plist";
				PRODUCT_NAME = iPOuL;
			};
			name = Debug;
		};
		1D6058950D05DD3E006BFB54 /* Release */ = {
			isa = XCBuildConfiguration;
			buildSettings = {
				ALWAYS_SEARCH_USER_PATHS = NO;
				CODE_SIGN_ENTITLEMENTS = "~/Documents/workspace/iPOuL/Entitlements.plist";
				COPY_PHASE_STRIP = YES;
				GCC_PRECOMPILE_PREFIX_HEADER = YES;
				GCC_PREFIX_HEADER = iPOuL_Prefix.pch;
				INFOPLIST_FILE = "iPOuL-Info.plist";
				PRODUCT_NAME = iPOuL;
				VALIDATE_PRODUCT = YES;
			};
			name = Release;
		};
		C01FCF4F08A954540054247B /* Debug */ = {
			isa = XCBuildConfiguration;
			buildSettings = {
				ARCHS = "$(ARCHS_STANDARD_32_BIT)";
				"CODE_SIGN_IDENTITY[sdk=iphoneos*]" = "iPhone Developer";
				GCC_C_LANGUAGE_STANDARD = c99;
				GCC_WARN_ABOUT_RETURN_TYPE = YES;
				GCC_WARN_UNUSED_VARIABLE = YES;
				PREBINDING = NO;
				SDKROOT = iphoneos;
			};
			name = Debug;
		};
		C01FCF5008A954540054247B /* Release */ = {
			isa = XCBuildConfiguration;
			buildSettings = {
				ARCHS = "$(ARCHS_STANDARD_32_BIT)";
				"CODE_SIGN_IDENTITY[sdk=iphoneos*]" = "iPhone Developer";
				GCC_C_LANGUAGE_STANDARD = c99;
				GCC_WARN_ABOUT_RETURN_TYPE = YES;
				GCC_WARN_UNUSED_VARIABLE = YES;
				OTHER_CFLAGS = "-DNS_BLOCK_ASSERTIONS=1";
				PREBINDING = NO;
				SDKROOT = iphoneos;
			};
			name = Release;
		};
		FC126B6A12F3534000953BE3 /* Distribution */ = {
			isa = XCBuildConfiguration;
			buildSettings = {
				ARCHS = "$(ARCHS_STANDARD_32_BIT)";
				"CODE_SIGN_IDENTITY[sdk=iphoneos*]" = "iPhone Developer";
				GCC_C_LANGUAGE_STANDARD = c99;
				GCC_WARN_ABOUT_RETURN_TYPE = YES;
				GCC_WARN_UNUSED_VARIABLE = YES;
				OTHER_CFLAGS = "-DNS_BLOCK_ASSERTIONS=1";
				PREBINDING = NO;
				SDKROOT = iphoneos;
			};
			name = Distribution;
		};
		FC126B6B12F3534000953BE3 /* Distribution */ = {
			isa = XCBuildConfiguration;
			buildSettings = {
				ALWAYS_SEARCH_USER_PATHS = NO;
				CODE_SIGN_ENTITLEMENTS = Entitlements.plist;
				"CODE_SIGN_IDENTITY[sdk=iphoneos*]" = "iPhone Distribution: Maxim S.N.C. Di D'Amico Giuseppe & C.";
				COPY_PHASE_STRIP = YES;
				GCC_PRECOMPILE_PREFIX_HEADER = YES;
				GCC_PREFIX_HEADER = iPOuL_Prefix.pch;
				INFOPLIST_FILE = "iPOuL-Info.plist";
				IPHONEOS_DEPLOYMENT_TARGET = 4.0;
				PRODUCT_NAME = iPOuL;
				"PROVISIONING_PROFILE[sdk=iphoneos*]" = "E64B0594-2001-4AFA-A95A-0FE1A89D1959";
				VALIDATE_PRODUCT = YES;
			};
			name = Distribution;
		};
/* End XCBuildConfiguration section */

/* Begin XCConfigurationList section */
		1D6058960D05DD3E006BFB54 /* Build configuration list for PBXNativeTarget "iPOuL" */ = {
			isa = XCConfigurationList;
			buildConfigurations = (
				1D6058940D05DD3E006BFB54 /* Debug */,
				1D6058950D05DD3E006BFB54 /* Release */,
				FC126B6B12F3534000953BE3 /* Distribution */,
			);
			defaultConfigurationIsVisible = 0;
			defaultConfigurationName = Release;
		};
		C01FCF4E08A954540054247B /* Build configuration list for PBXProject "iPOuL" */ = {
			isa = XCConfigurationList;
			buildConfigurations = (
				C01FCF4F08A954540054247B /* Debug */,
				C01FCF5008A954540054247B /* Release */,
				FC126B6A12F3534000953BE3 /* Distribution */,
			);
			defaultConfigurationIsVisible = 0;
			defaultConfigurationName = Release;
		};
/* End XCConfigurationList section */
	};
	rootObject = 29B97313FDCFA39411CA2CEA /* Project object */;
}
